
Microsoft Visual Studio Solution File, Format Version 12.00
# Visual Studio Version 17
VisualStudioVersion = 17.13.35617.110 d17.13
MinimumVisualStudioVersion = 10.0.40219.1
Project("{8BC9CEB8-8B4A-11D0-8D11-00A0C91BC942}") = "Noah_Moghadam_Lab_06", "Noah_Moghadam_Lab_06\Noah_Moghadam_Lab_06.vcxproj", "{A89493ED-A428-4367-92B9-EEEE9855E906}"
EndProject
Global
	GlobalSection(SolutionConfigurationPlatforms) = preSolution
		Debug|x64 = Debug|x64
		Debug|x86 = Debug|x86
		Release|x64 = Release|x64
		Release|x86 = Release|x86
	EndGlobalSection
	GlobalSection(ProjectConfigurationPlatforms) = postSolution
		{A89493ED-A428-4367-92B9-EEEE9855E906}.Debug|x64.ActiveCfg = Debug|x64
		{A89493ED-A428-4367-92B9-EEEE9855E906}.Debug|x64.Build.0 = Debug|x64
		{A89493ED-A428-4367-92B9-EEEE9855E906}.Debug|x86.ActiveCfg = Debug|Win32
		{A89493ED-A428-4367-92B9-EEEE9855E906}.Debug|x86.Build.0 = Debug|Win32
		{A89493ED-A428-4367-92B9-EEEE9855E906}.Release|x64.ActiveCfg = Release|x64
		{A89493ED-A428-4367-92B9-EEEE9855E906}.Release|x64.Build.0 = Release|x64
		{A89493ED-A428-4367-92B9-EEEE9855E906}.Release|x86.ActiveCfg = Release|Win32
		{A89493ED-A428-4367-92B9-EEEE9855E906}.Release|x86.Build.0 = Release|Win32
	EndGlobalSection
	GlobalSection(SolutionProperties) = preSolution
		HideSolutionNode = FALSE
	EndGlobalSection
	GlobalSection(ExtensibilityGlobals) = postSolution
		SolutionGuid = {7157341B-668C-4543-84D5-9D02C5F29F07}
	EndGlobalSection
EndGlobal
